// !$*UTF8*$!
{
	archiveVersion = 1;
	classes = {
	};
	objectVersion = 50;
	objects = {

/* Begin PBXBuildFile section */
		B3EE3B29210F2A25009E83CB /* AppDelegate.swift in Sources */ = {isa = PBXBuildFile; fileRef = B3EE3B28210F2A25009E83CB /* AppDelegate.swift */; };
		B3EE3B2B210F2A25009E83CB /* ViewController.swift in Sources */ = {isa = PBXBuildFile; fileRef = B3EE3B2A210F2A25009E83CB /* ViewController.swift */; };
		B3EE3B2E210F2A26009E83CB /* Main.storyboard in Resources */ = {isa = PBXBuildFile; fileRef = B3EE3B2C210F2A26009E83CB /* Main.storyboard */; };
		B3EE3B30210F2A28009E83CB /* Assets.xcassets in Resources */ = {isa = PBXBuildFile; fileRef = B3EE3B2F210F2A28009E83CB /* Assets.xcassets */; };
		B3EE3B33210F2A28009E83CB /* LaunchScreen.storyboard in Resources */ = {isa = PBXBuildFile; fileRef = B3EE3B31210F2A28009E83CB /* LaunchScreen.storyboard */; };
		B3EE3B3E210F2A28009E83CB /* QuizAppTests.swift in Sources */ = {isa = PBXBuildFile; fileRef = B3EE3B3D210F2A28009E83CB /* QuizAppTests.swift */; };
		B3EE3B49210F2A28009E83CB /* QuizAppUITests.swift in Sources */ = {isa = PBXBuildFile; fileRef = B3EE3B48210F2A28009E83CB /* QuizAppUITests.swift */; };
/* End PBXBuildFile section */

/* Begin PBXContainerItemProxy section */
		B3EE3B3A210F2A28009E83CB /* PBXContainerItemProxy */ = {
			isa = PBXContainerItemProxy;
			containerPortal = B3EE3B1D210F2A25009E83CB /* Project object */;
			proxyType = 1;
			remoteGlobalIDString = B3EE3B24210F2A25009E83CB;
			remoteInfo = QuizApp;
		};
		B3EE3B45210F2A28009E83CB /* PBXContainerItemProxy */ = {
			isa = PBXContainerItemProxy;
			containerPortal = B3EE3B1D210F2A25009E83CB /* Project object */;
			proxyType = 1;
			remoteGlobalIDString = B3EE3B24210F2A25009E83CB;
			remoteInfo = QuizApp;
		};
/* End PBXContainerItemProxy section */

/* Begin PBXFileReference section */
		B3EE3B25210F2A25009E83CB /* QuizApp.app */ = {isa = PBXFileReference; explicitFileType = wrapper.application; includeInIndex = 0; path = QuizApp.app; sourceTree = BUILT_PRODUCTS_DIR; };
		B3EE3B28210F2A25009E83CB /* AppDelegate.swift */ = {isa = PBXFileReference; lastKnownFileType = sourcecode.swift; path = AppDelegate.swift; sourceTree = "<group>"; };
		B3EE3B2A210F2A25009E83CB /* ViewController.swift */ = {isa = PBXFileReference; lastKnownFileType = sourcecode.swift; path = ViewController.swift; sourceTree = "<group>"; };
		B3EE3B2D210F2A26009E83CB /* Base */ = {isa = PBXFileReference; lastKnownFileType = file.storyboard; name = Base; path = Base.lproj/Main.storyboard; sourceTree = "<group>"; };
		B3EE3B2F210F2A28009E83CB /* Assets.xcassets */ = {isa = PBXFileReference; lastKnownFileType = folder.assetcatalog; path = Assets.xcassets; sourceTree = "<group>"; };
		B3EE3B32210F2A28009E83CB /* Base */ = {isa = PBXFileReference; lastKnownFileType = file.storyboard; name = Base; path = Base.lproj/LaunchScreen.storyboard; sourceTree = "<group>"; };
		B3EE3B34210F2A28009E83CB /* Info.plist */ = {isa = PBXFileReference; lastKnownFileType = text.plist.xml; path = Info.plist; sourceTree = "<group>"; };
		B3EE3B39210F2A28009E83CB /* QuizAppTests.xctest */ = {isa = PBXFileReference; explicitFileType = wrapper.cfbundle; includeInIndex = 0; path = QuizAppTests.xctest; sourceTree = BUILT_PRODUCTS_DIR; };
		B3EE3B3D210F2A28009E83CB /* QuizAppTests.swift */ = {isa = PBXFileReference; lastKnownFileType = sourcecode.swift; path = QuizAppTests.swift; sourceTree = "<group>"; };
		B3EE3B3F210F2A28009E83CB /* Info.plist */ = {isa = PBXFileReference; lastKnownFileType = text.plist.xml; path = Info.plist; sourceTree = "<group>"; };
		B3EE3B44210F2A28009E83CB /* QuizAppUITests.xctest */ = {isa = PBXFileReference; explicitFileType = wrapper.cfbundle; includeInIndex = 0; path = QuizAppUITests.xctest; sourceTree = BUILT_PRODUCTS_DIR; };
		B3EE3B48210F2A28009E83CB /* QuizAppUITests.swift */ = {isa = PBXFileReference; lastKnownFileType = sourcecode.swift; path = QuizAppUITests.swift; sourceTree = "<group>"; };
		B3EE3B4A210F2A28009E83CB /* Info.plist */ = {isa = PBXFileReference; lastKnownFileType = text.plist.xml; path = Info.plist; sourceTree = "<group>"; };
/* End PBXFileReference section */

/* Begin PBXFrameworksBuildPhase section */
		B3EE3B22210F2A25009E83CB /* Frameworks */ = {
			isa = PBXFrameworksBuildPhase;
			buildActionMask = 2147483647;
			files = (
			);
			runOnlyForDeploymentPostprocessing = 0;
		};
		B3EE3B36210F2A28009E83CB /* Frameworks */ = {
			isa = PBXFrameworksBuildPhase;
			buildActionMask = 2147483647;
			files = (
			);
			runOnlyForDeploymentPostprocessing = 0;
		};
		B3EE3B41210F2A28009E83CB /* Frameworks */ = {
			isa = PBXFrameworksBuildPhase;
			buildActionMask = 2147483647;
			files = (
			);
			runOnlyForDeploymentPostprocessing = 0;
		};
/* End PBXFrameworksBuildPhase section */

/* Begin PBXGroup section */
		B3EE3B1C210F2A25009E83CB = {
			isa = PBXGroup;
			children = (
				B3EE3B27210F2A25009E83CB /* QuizApp */,
				B3EE3B3C210F2A28009E83CB /* QuizAppTests */,
				B3EE3B47210F2A28009E83CB /* QuizAppUITests */,
				B3EE3B26210F2A25009E83CB /* Products */,
			);
			sourceTree = "<group>";
		};
		B3EE3B26210F2A25009E83CB /* Products */ = {
			isa = PBXGroup;
			children = (
				B3EE3B25210F2A25009E83CB /* QuizApp.app */,
				B3EE3B39210F2A28009E83CB /* QuizAppTests.xctest */,
				B3EE3B44210F2A28009E83CB /* QuizAppUITests.xctest */,
			);
			name = Products;
			sourceTree = "<group>";
		};
		B3EE3B27210F2A25009E83CB /* QuizApp */ = {
			isa = PBXGroup;
			children = (
				B3EE3B28210F2A25009E83CB /* AppDelegate.swift */,
				B3EE3B2A210F2A25009E83CB /* ViewController.swift */,
				B3EE3B2C210F2A26009E83CB /* Main.storyboard */,
				B3EE3B2F210F2A28009E83CB /* Assets.xcassets */,
				B3EE3B31210F2A28009E83CB /* LaunchScreen.storyboard */,
				B3EE3B34210F2A28009E83CB /* Info.plist */,
			);
			path = QuizApp;
			sourceTree = "<group>";
		};
		B3EE3B3C210F2A28009E83CB /* QuizAppTests */ = {
			isa = PBXGroup;
			children = (
				B3EE3B3D210F2A28009E83CB /* QuizAppTests.swift */,
				B3EE3B3F210F2A28009E83CB /* Info.plist */,
			);
			path = QuizAppTests;
			sourceTree = "<group>";
		};
		B3EE3B47210F2A28009E83CB /* QuizAppUITests */ = {
			isa = PBXGroup;
			children = (
				B3EE3B48210F2A28009E83CB /* QuizAppUITests.swift */,
				B3EE3B4A210F2A28009E83CB /* Info.plist */,
			);
			path = QuizAppUITests;
			sourceTree = "<group>";
		};
/* End PBXGroup section */

/* Begin PBXNativeTarget section */
		B3EE3B24210F2A25009E83CB /* QuizApp */ = {
			isa = PBXNativeTarget;
			buildConfigurationList = B3EE3B4D210F2A28009E83CB /* Build configuration list for PBXNativeTarget "QuizApp" */;
			buildPhases = (
				B3EE3B21210F2A25009E83CB /* Sources */,
				B3EE3B22210F2A25009E83CB /* Frameworks */,
				B3EE3B23210F2A25009E83CB /* Resources */,
			);
			buildRules = (
			);
			dependencies = (
			);
			name = QuizApp;
			productName = QuizApp;
			productReference = B3EE3B25210F2A25009E83CB /* QuizApp.app */;
			productType = "com.apple.product-type.application";
		};
		B3EE3B38210F2A28009E83CB /* QuizAppTests */ = {
			isa = PBXNativeTarget;
			buildConfigurationList = B3EE3B50210F2A28009E83CB /* Build configuration list for PBXNativeTarget "QuizAppTests" */;
			buildPhases = (
				B3EE3B35210F2A28009E83CB /* Sources */,
				B3EE3B36210F2A28009E83CB /* Frameworks */,
				B3EE3B37210F2A28009E83CB /* Resources */,
			);
			buildRules = (
			);
			dependencies = (
				B3EE3B3B210F2A28009E83CB /* PBXTargetDependency */,
			);
			name = QuizAppTests;
			productName = QuizAppTests;
			productReference = B3EE3B39210F2A28009E83CB /* QuizAppTests.xctest */;
			productType = "com.apple.product-type.bundle.unit-test";
		};
		B3EE3B43210F2A28009E83CB /* QuizAppUITests */ = {
			isa = PBXNativeTarget;
			buildConfigurationList = B3EE3B53210F2A28009E83CB /* Build configuration list for PBXNativeTarget "QuizAppUITests" */;
			buildPhases = (
				B3EE3B40210F2A28009E83CB /* Sources */,
				B3EE3B41210F2A28009E83CB /* Frameworks */,
				B3EE3B42210F2A28009E83CB /* Resources */,
			);
			buildRules = (
			);
			dependencies = (
				B3EE3B46210F2A28009E83CB /* PBXTargetDependency */,
			);
			name = QuizAppUITests;
			productName = QuizAppUITests;
			productReference = B3EE3B44210F2A28009E83CB /* QuizAppUITests.xctest */;
			productType = "com.apple.product-type.bundle.ui-testing";
		};
/* End PBXNativeTarget section */

/* Begin PBXProject section */
		B3EE3B1D210F2A25009E83CB /* Project object */ = {
			isa = PBXProject;
			attributes = {
				LastSwiftUpdateCheck = 0940;
				LastUpgradeCheck = 0940;
				ORGANIZATIONNAME = "N Lab.";
				TargetAttributes = {
					B3EE3B24210F2A25009E83CB = {
						CreatedOnToolsVersion = 9.4.1;
					};
					B3EE3B38210F2A28009E83CB = {
						CreatedOnToolsVersion = 9.4.1;
						TestTargetID = B3EE3B24210F2A25009E83CB;
					};
					B3EE3B43210F2A28009E83CB = {
						CreatedOnToolsVersion = 9.4.1;
						TestTargetID = B3EE3B24210F2A25009E83CB;
					};
				};
			};
			buildConfigurationList = B3EE3B20210F2A25009E83CB /* Build configuration list for PBXProject "QuizApp" */;
			compatibilityVersion = "Xcode 9.3";
			developmentRegion = en;
			hasScannedForEncodings = 0;
			knownRegions = (
				en,
				Base,
			);
			mainGroup = B3EE3B1C210F2A25009E83CB;
			productRefGroup = B3EE3B26210F2A25009E83CB /* Products */;
			projectDirPath = "";
			projectRoot = "";
			targets = (
				B3EE3B24210F2A25009E83CB /* QuizApp */,
				B3EE3B38210F2A28009E83CB /* QuizAppTests */,
				B3EE3B43210F2A28009E83CB /* QuizAppUITests */,
			);
		};
/* End PBXProject section */

/* Begin PBXResourcesBuildPhase section */
		B3EE3B23210F2A25009E83CB /* Resources */ = {
			isa = PBXResourcesBuildPhase;
			buildActionMask = 2147483647;
			files = (
				B3EE3B33210F2A28009E83CB /* LaunchScreen.storyboard in Resources */,
				B3EE3B30210F2A28009E83CB /* Assets.xcassets in Resources */,
				B3EE3B2E210F2A26009E83CB /* Main.storyboard in Resources */,
			);
			runOnlyForDeploymentPostprocessing = 0;
		};
		B3EE3B37210F2A28009E83CB /* Resources */ = {
			isa = PBXResourcesBuildPhase;
			buildActionMask = 2147483647;
			files = (
			);
			runOnlyForDeploymentPostprocessing = 0;
		};
		B3EE3B42210F2A28009E83CB /* Resources */ = {
			isa = PBXResourcesBuildPhase;
			buildActionMask = 2147483647;
			files = (
			);
			runOnlyForDeploymentPostprocessing = 0;
		};
/* End PBXResourcesBuildPhase section */

/* Begin PBXSourcesBuildPhase section */
		B3EE3B21210F2A25009E83CB /* Sources */ = {
			isa = PBXSourcesBuildPhase;
			buildActionMask = 2147483647;
			files = (
				B3EE3B2B210F2A25009E83CB /* ViewController.swift in Sources */,
				B3EE3B29210F2A25009E83CB /* AppDelegate.swift in Sources */,
			);
			runOnlyForDeploymentPostprocessing = 0;
		};
		B3EE3B35210F2A28009E83CB /* Sources */ = {
			isa = PBXSourcesBuildPhase;
			buildActionMask = 2147483647;
			files = (
				B3EE3B3E210F2A28009E83CB /* QuizAppTests.swift in Sources */,
			);
			runOnlyForDeploymentPostprocessing = 0;
		};
		B3EE3B40210F2A28009E83CB /* Sources */ = {
			isa = PBXSourcesBuildPhase;
			buildActionMask = 2147483647;
			files = (
				B3EE3B49210F2A28009E83CB /* QuizAppUITests.swift in Sources */,
			);
			runOnlyForDeploymentPostprocessing = 0;
		};
/* End PBXSourcesBuildPhase section */

/* Begin PBXTargetDependency section */
		B3EE3B3B210F2A28009E83CB /* PBXTargetDependency */ = {
			isa = PBXTargetDependency;
			target = B3EE3B24210F2A25009E83CB /* QuizApp */;
			targetProxy = B3EE3B3A210F2A28009E83CB /* PBXContainerItemProxy */;
		};
		B3EE3B46210F2A28009E83CB /* PBXTargetDependency */ = {
			isa = PBXTargetDependency;
			target = B3EE3B24210F2A25009E83CB /* QuizApp */;
			targetProxy = B3EE3B45210F2A28009E83CB /* PBXContainerItemProxy */;
		};
/* End PBXTargetDependency section */

/* Begin PBXVariantGroup section */
		B3EE3B2C210F2A26009E83CB /* Main.storyboard */ = {
			isa = PBXVariantGroup;
			children = (
				B3EE3B2D210F2A26009E83CB /* Base */,
			);
			name = Main.storyboard;
			sourceTree = "<group>";
		};
		B3EE3B31210F2A28009E83CB /* LaunchScreen.storyboard */ = {
			isa = PBXVariantGroup;
			children = (
				B3EE3B32210F2A28009E83CB /* Base */,
			);
			name = LaunchScreen.storyboard;
			sourceTree = "<group>";
		};
/* End PBXVariantGroup section */

/* Begin XCBuildConfiguration section */
		B3EE3B4B210F2A28009E83CB /* Debug */ = {
			isa = XCBuildConfiguration;
			buildSettings = {
				ALWAYS_SEARCH_USER_PATHS = NO;
				CLANG_ANALYZER_NONNULL = YES;
				CLANG_ANALYZER_NUMBER_OBJECT_CONVERSION = YES_AGGRESSIVE;
				CLANG_CXX_LANGUAGE_STANDARD = "gnu++14";
				CLANG_CXX_LIBRARY = "libc++";
				CLANG_ENABLE_MODULES = YES;
				CLANG_ENABLE_OBJC_ARC = YES;
				CLANG_ENABLE_OBJC_WEAK = YES;
				CLANG_WARN_BLOCK_CAPTURE_AUTORELEASING = YES;
				CLANG_WARN_BOOL_CONVERSION = YES;
				CLANG_WARN_COMMA = YES;
				CLANG_WARN_CONSTANT_CONVERSION = YES;
				CLANG_WARN_DEPRECATED_OBJC_IMPLEMENTATIONS = YES;
				CLANG_WARN_DIRECT_OBJC_ISA_USAGE = YES_ERROR;
				CLANG_WARN_DOCUMENTATION_COMMENTS = YES;
				CLANG_WARN_EMPTY_BODY = YES;
				CLANG_WARN_ENUM_CONVERSION = YES;
				CLANG_WARN_INFINITE_RECURSION = YES;
				CLANG_WARN_INT_CONVERSION = YES;
				CLANG_WARN_NON_LITERAL_NULL_CONVERSION = YES;
				CLANG_WARN_OBJC_IMPLICIT_RETAIN_SELF = YES;
				CLANG_WARN_OBJC_LITERAL_CONVERSION = YES;
				CLANG_WARN_OBJC_ROOT_CLASS = YES_ERROR;
				CLANG_WARN_RANGE_LOOP_ANALYSIS = YES;
				CLANG_WARN_STRICT_PROTOTYPES = YES;
				CLANG_WARN_SUSPICIOUS_MOVE = YES;
				CLANG_WARN_UNGUARDED_AVAILABILITY = YES_AGGRESSIVE;
				CLANG_WARN_UNREACHABLE_CODE = YES;
				CLANG_WARN__DUPLICATE_METHOD_MATCH = YES;
				CODE_SIGN_IDENTITY = "iPhone Developer";
				COPY_PHASE_STRIP = NO;
				DEBUG_INFORMATION_FORMAT = dwarf;
				ENABLE_STRICT_OBJC_MSGSEND = YES;
				ENABLE_TESTABILITY = YES;
				GCC_C_LANGUAGE_STANDARD = gnu11;
				GCC_DYNAMIC_NO_PIC = NO;
				GCC_NO_COMMON_BLOCKS = YES;
				GCC_OPTIMIZATION_LEVEL = 0;
				GCC_PREPROCESSOR_DEFINITIONS = (
					"DEBUG=1",
					"$(inherited)",
				);
				GCC_WARN_64_TO_32_BIT_CONVERSION = YES;
				GCC_WARN_ABOUT_RETURN_TYPE = YES_ERROR;
				GCC_WARN_UNDECLARED_SELECTOR = YES;
				GCC_WARN_UNINITIALIZED_AUTOS = YES_AGGRESSIVE;
				GCC_WARN_UNUSED_FUNCTION = YES;
				GCC_WARN_UNUSED_VARIABLE = YES;
				IPHONEOS_DEPLOYMENT_TARGET = 11.4;
				MTL_ENABLE_DEBUG_INFO = YES;
				ONLY_ACTIVE_ARCH = YES;
				SDKROOT = iphoneos;
				SWIFT_ACTIVE_COMPILATION_CONDITIONS = DEBUG;
				SWIFT_OPTIMIZATION_LEVEL = "-Onone";
			};
			name = Debug;
		};
		B3EE3B4C210F2A28009E83CB /* Release */ = {
			isa = XCBuildConfiguration;
			buildSettings = {
				ALWAYS_SEARCH_USER_PATHS = NO;
				CLANG_ANALYZER_NONNULL = YES;
				CLANG_ANALYZER_NUMBER_OBJECT_CONVERSION = YES_AGGRESSIVE;
				CLANG_CXX_LANGUAGE_STANDARD = "gnu++14";
				CLANG_CXX_LIBRARY = "libc++";
				CLANG_ENABLE_MODULES = YES;
				CLANG_ENABLE_OBJC_ARC = YES;
				CLANG_ENABLE_OBJC_WEAK = YES;
				CLANG_WARN_BLOCK_CAPTURE_AUTORELEASING = YES;
				CLANG_WARN_BOOL_CONVERSION = YES;
				CLANG_WARN_COMMA = YES;
				CLANG_WARN_CONSTANT_CONVERSION = YES;
				CLANG_WARN_DEPRECATED_OBJC_IMPLEMENTATIONS = YES;
				CLANG_WARN_DIRECT_OBJC_ISA_USAGE = YES_ERROR;
				CLANG_WARN_DOCUMENTATION_COMMENTS = YES;
				CLANG_WARN_EMPTY_BODY = YES;
				CLANG_WARN_ENUM_CONVERSION = YES;
				CLANG_WARN_INFINITE_RECURSION = YES;
				CLANG_WARN_INT_CONVERSION = YES;
				CLANG_WARN_NON_LITERAL_NULL_CONVERSION = YES;
				CLANG_WARN_OBJC_IMPLICIT_RETAIN_SELF = YES;
				CLANG_WARN_OBJC_LITERAL_CONVERSION = YES;
				CLANG_WARN_OBJC_ROOT_CLASS = YES_ERROR;
				CLANG_WARN_RANGE_LOOP_ANALYSIS = YES;
				CLANG_WARN_STRICT_PROTOTYPES = YES;
				CLANG_WARN_SUSPICIOUS_MOVE = YES;
				CLANG_WARN_UNGUARDED_AVAILABILITY = YES_AGGRESSIVE;
				CLANG_WARN_UNREACHABLE_CODE = YES;
				CLANG_WARN__DUPLICATE_METHOD_MATCH = YES;
				CODE_SIGN_IDENTITY = "iPhone Developer";
				COPY_PHASE_STRIP = NO;
				DEBUG_INFORMATION_FORMAT = "dwarf-with-dsym";
				ENABLE_NS_ASSERTIONS = NO;
				ENABLE_STRICT_OBJC_MSGSEND = YES;
				GCC_C_LANGUAGE_STANDARD = gnu11;
				GCC_NO_COMMON_BLOCKS = YES;
				GCC_WARN_64_TO_32_BIT_CONVERSION = YES;
				GCC_WARN_ABOUT_RETURN_TYPE = YES_ERROR;
				GCC_WARN_UNDECLARED_SELECTOR = YES;
				GCC_WARN_UNINITIALIZED_AUTOS = YES_AGGRESSIVE;
				GCC_WARN_UNUSED_FUNCTION = YES;
				GCC_WARN_UNUSED_VARIABLE = YES;
				IPHONEOS_DEPLOYMENT_TARGET = 11.4;
				MTL_ENABLE_DEBUG_INFO = NO;
				SDKROOT = iphoneos;
				SWIFT_COMPILATION_MODE = wholemodule;
				SWIFT_OPTIMIZATION_LEVEL = "-O";
				VALIDATE_PRODUCT = YES;
			};
			name = Release;
		};
		B3EE3B4E210F2A28009E83CB /* Debug */ = {
			isa = XCBuildConfiguration;
			buildSettings = {
				ASSETCATALOG_COMPILER_APPICON_NAME = AppIcon;
				CODE_SIGN_STYLE = Automatic;
				INFOPLIST_FILE = QuizApp/Info.plist;
				LD_RUNPATH_SEARCH_PATHS = (
					"$(inherited)",
					"@executable_path/Frameworks",
				);
				PRODUCT_BUNDLE_IDENTIFIER = "com.napoleon-na.QuizApp";
				PRODUCT_NAME = "$(TARGET_NAME)";
				SWIFT_VERSION = 4.0;
				TARGETED_DEVICE_FAMILY = "1,2";
			};
			name = Debug;
		};
		B3EE3B4F210F2A28009E83CB /* Release */ = {
			isa = XCBuildConfiguration;
			buildSettings = {
				ASSETCATALOG_COMPILER_APPICON_NAME = AppIcon;
				CODE_SIGN_STYLE = Automatic;
				INFOPLIST_FILE = QuizApp/Info.plist;
				LD_RUNPATH_SEARCH_PATHS = (
					"$(inherited)",
					"@executable_path/Frameworks",
				);
				PRODUCT_BUNDLE_IDENTIFIER = "com.napoleon-na.QuizApp";
				PRODUCT_NAME = "$(TARGET_NAME)";
				SWIFT_VERSION = 4.0;
				TARGETED_DEVICE_FAMILY = "1,2";
			};
			name = Release;
		};
		B3EE3B51210F2A28009E83CB /* Debug */ = {
			isa = XCBuildConfiguration;
			buildSettings = {
				ALWAYS_EMBED_SWIFT_STANDARD_LIBRARIES = YES;
				BUNDLE_LOADER = "$(TEST_HOST)";
				CODE_SIGN_STYLE = Automatic;
				INFOPLIST_FILE = QuizAppTests/Info.plist;
				LD_RUNPATH_SEARCH_PATHS = (
					"$(inherited)",
					"@executable_path/Frameworks",
					"@loader_path/Frameworks",
				);
				PRODUCT_BUNDLE_IDENTIFIER = "com.napoleon-na.QuizAppTests";
				PRODUCT_NAME = "$(TARGET_NAME)";
				SWIFT_VERSION = 4.0;
				TARGETED_DEVICE_FAMILY = "1,2";
				TEST_HOST = "$(BUILT_PRODUCTS_DIR)/QuizApp.app/QuizApp";
			};
			name = Debug;
		};
		B3EE3B52210F2A28009E83CB /* Release */ = {
			isa = XCBuildConfiguration;
			buildSettings = {
				ALWAYS_EMBED_SWIFT_STANDARD_LIBRARIES = YES;
				BUNDLE_LOADER = "$(TEST_HOST)";
				CODE_SIGN_STYLE = Automatic;
				INFOPLIST_FILE = QuizAppTests/Info.plist;
				LD_RUNPATH_SEARCH_PATHS = (
					"$(inherited)",
					"@executable_path/Frameworks",
					"@loader_path/Frameworks",
				);
				PRODUCT_BUNDLE_IDENTIFIER = "com.napoleon-na.QuizAppTests";
				PRODUCT_NAME = "$(TARGET_NAME)";
				SWIFT_VERSION = 4.0;
				TARGETED_DEVICE_FAMILY = "1,2";
				TEST_HOST = "$(BUILT_PRODUCTS_DIR)/QuizApp.app/QuizApp";
			};
			name = Release;
		};
		B3EE3B54210F2A28009E83CB /* Debug */ = {
			isa = XCBuildConfiguration;
			buildSettings = {
				ALWAYS_EMBED_SWIFT_STANDARD_LIBRARIES = YES;
				CODE_SIGN_STYLE = Automatic;
				INFOPLIST_FILE = QuizAppUITests/Info.plist;
				LD_RUNPATH_SEARCH_PATHS = (
					"$(inherited)",
					"@executable_path/Frameworks",
					"@loader_path/Frameworks",
				);
				PRODUCT_BUNDLE_IDENTIFIER = "com.napoleon-na.QuizAppUITests";
				PRODUCT_NAME = "$(TARGET_NAME)";
				SWIFT_VERSION = 4.0;
				TARGETED_DEVICE_FAMILY = "1,2";
				TEST_TARGET_NAME = QuizApp;
			};
			name = Debug;
		};
		B3EE3B55210F2A28009E83CB /* Release */ = {
			isa = XCBuildConfiguration;
			buildSettings = {
				ALWAYS_EMBED_SWIFT_STANDARD_LIBRARIES = YES;
				CODE_SIGN_STYLE = Automatic;
				INFOPLIST_FILE = QuizAppUITests/Info.plist;
				LD_RUNPATH_SEARCH_PATHS = (
					"$(inherited)",
					"@executable_path/Frameworks",
					"@loader_path/Frameworks",
				);
				PRODUCT_BUNDLE_IDENTIFIER = "com.napoleon-na.QuizAppUITests";
				PRODUCT_NAME = "$(TARGET_NAME)";
				SWIFT_VERSION = 4.0;
				TARGETED_DEVICE_FAMILY = "1,2";
				TEST_TARGET_NAME = QuizApp;
			};
			name = Release;
		};
/* End XCBuildConfiguration section */

/* Begin XCConfigurationList section */
		B3EE3B20210F2A25009E83CB /* Build configuration list for PBXProject "QuizApp" */ = {
			isa = XCConfigurationList;
			buildConfigurations = (
				B3EE3B4B210F2A28009E83CB /* Debug */,
				B3EE3B4C210F2A28009E83CB /* Release */,
			);
			defaultConfigurationIsVisible = 0;
			defaultConfigurationName = Release;
		};
		B3EE3B4D210F2A28009E83CB /* Build configuration list for PBXNativeTarget "QuizApp" */ = {
			isa = XCConfigurationList;
			buildConfigurations = (
				B3EE3B4E210F2A28009E83CB /* Debug */,
				B3EE3B4F210F2A28009E83CB /* Release */,
			);
			defaultConfigurationIsVisible = 0;
			defaultConfigurationName = Release;
		};
		B3EE3B50210F2A28009E83CB /* Build configuration list for PBXNativeTarget "QuizAppTests" */ = {
			isa = XCConfigurationList;
			buildConfigurations = (
				B3EE3B51210F2A28009E83CB /* Debug */,
				B3EE3B52210F2A28009E83CB /* Release */,
			);
			defaultConfigurationIsVisible = 0;
			defaultConfigurationName = Release;
		};
		B3EE3B53210F2A28009E83CB /* Build configuration list for PBXNativeTarget "QuizAppUITests" */ = {
			isa = XCConfigurationList;
			buildConfigurations = (
				B3EE3B54210F2A28009E83CB /* Debug */,
				B3EE3B55210F2A28009E83CB /* Release */,
			);
			defaultConfigurationIsVisible = 0;
			defaultConfigurationName = Release;
		};
/* End XCConfigurationList section */
	};
	rootObject = B3EE3B1D210F2A25009E83CB /* Project object */;
}
